
Microsoft Visual Studio Solution File, Format Version 12.00
# Visual Studio Version 17
VisualStudioVersion = 17.2.32602.215
MinimumVisualStudioVersion = 10.0.40219.1
Project("{9A19103F-16F7-4668-BE54-9A1E7A4F7556}") = "MovieShopMVC", "MovieShopMVC\MovieShopMVC.csproj", "{92618245-D8D3-4D7A-850D-2F98564C01D0}"
EndProject
Project("{9A19103F-16F7-4668-BE54-9A1E7A4F7556}") = "ApplicationCore", "ApplicationCore\ApplicationCore.csproj", "{727AEFBD-E322-4C8F-B502-88E4313A6860}"
EndProject
Project("{9A19103F-16F7-4668-BE54-9A1E7A4F7556}") = "Infrastructure", "Infrastructure\Infrastructure.csproj", "{7753E860-4C75-4184-9FDF-F19782A735EA}"
EndProject
Project("{2150E333-8FDC-42A3-9474-1A3956D46DE8}") = "Solution Items", "Solution Items", "{F16AFEA0-04D8-4030-89F5-70051BABE4DD}"
EndProject
Project("{FAE04EC0-301F-11D3-BF4B-00C04F79EFBC}") = "MovieShopAPI", "MovieShopAPI\MovieShopAPI.csproj", "{1FBF9D00-075A-4E89-A0EE-6B3AAECC73D8}"
EndProject
Global
	GlobalSection(SolutionConfigurationPlatforms) = preSolution
		Debug|Any CPU = Debug|Any CPU
		Release|Any CPU = Release|Any CPU
	EndGlobalSection
	GlobalSection(ProjectConfigurationPlatforms) = postSolution
		{92618245-D8D3-4D7A-850D-2F98564C01D0}.Debug|Any CPU.ActiveCfg = Debug|Any CPU
		{92618245-D8D3-4D7A-850D-2F98564C01D0}.Debug|Any CPU.Build.0 = Debug|Any CPU
		{92618245-D8D3-4D7A-850D-2F98564C01D0}.Release|Any CPU.ActiveCfg = Release|Any CPU
		{92618245-D8D3-4D7A-850D-2F98564C01D0}.Release|Any CPU.Build.0 = Release|Any CPU
		{727AEFBD-E322-4C8F-B502-88E4313A6860}.Debug|Any CPU.ActiveCfg = Debug|Any CPU
		{727AEFBD-E322-4C8F-B502-88E4313A6860}.Debug|Any CPU.Build.0 = Debug|Any CPU
		{727AEFBD-E322-4C8F-B502-88E4313A6860}.Release|Any CPU.ActiveCfg = Release|Any CPU
		{727AEFBD-E322-4C8F-B502-88E4313A6860}.Release|Any CPU.Build.0 = Release|Any CPU
		{7753E860-4C75-4184-9FDF-F19782A735EA}.Debug|Any CPU.ActiveCfg = Debug|Any CPU
		{7753E860-4C75-4184-9FDF-F19782A735EA}.Debug|Any CPU.Build.0 = Debug|Any CPU
		{7753E860-4C75-4184-9FDF-F19782A735EA}.Release|Any CPU.ActiveCfg = Release|Any CPU
		{7753E860-4C75-4184-9FDF-F19782A735EA}.Release|Any CPU.Build.0 = Release|Any CPU
		{1FBF9D00-075A-4E89-A0EE-6B3AAECC73D8}.Debug|Any CPU.ActiveCfg = Debug|Any CPU
		{1FBF9D00-075A-4E89-A0EE-6B3AAECC73D8}.Debug|Any CPU.Build.0 = Debug|Any CPU
		{1FBF9D00-075A-4E89-A0EE-6B3AAECC73D8}.Release|Any CPU.ActiveCfg = Release|Any CPU
		{1FBF9D00-075A-4E89-A0EE-6B3AAECC73D8}.Release|Any CPU.Build.0 = Release|Any CPU
	EndGlobalSection
	GlobalSection(SolutionProperties) = preSolution
		HideSolutionNode = FALSE
	EndGlobalSection
	GlobalSection(ExtensibilityGlobals) = postSolution
		SolutionGuid = {A274F4A9-1086-43A7-A7FA-571CC36CB8AC}
	EndGlobalSection
EndGlobal
